
Microsoft Visual Studio Solution File, Format Version 12.00
# Visual Studio Version 16
VisualStudioVersion = 16.0.29001.49
MinimumVisualStudioVersion = 10.0.40219.1
Project("{FAE04EC0-301F-11D3-BF4B-00C04F79EFBC}") = "Enemigo", "Enemigo\Enemigo.csproj", "{B513E99D-1677-4899-B36C-B2C132F4DE08}"
EndProject
Project("{2150E333-8FDC-42A3-9474-1A3956D46DE8}") = "Solution Items", "Solution Items", "{F8661DC0-ED4F-42E9-B428-62BD0C712569}"
	ProjectSection(SolutionItems) = preProject
		Enemi.cs = Enemi.cs
	EndProjectSection
EndProject
Global
	GlobalSection(SolutionConfigurationPlatforms) = preSolution
		Debug|Any CPU = Debug|Any CPU
		Release|Any CPU = Release|Any CPU
	EndGlobalSection
	GlobalSection(ProjectConfigurationPlatforms) = postSolution
		{B513E99D-1677-4899-B36C-B2C132F4DE08}.Debug|Any CPU.ActiveCfg = Debug|Any CPU
		{B513E99D-1677-4899-B36C-B2C132F4DE08}.Debug|Any CPU.Build.0 = Debug|Any CPU
		{B513E99D-1677-4899-B36C-B2C132F4DE08}.Release|Any CPU.ActiveCfg = Release|Any CPU
		{B513E99D-1677-4899-B36C-B2C132F4DE08}.Release|Any CPU.Build.0 = Release|Any CPU
	EndGlobalSection
	GlobalSection(SolutionProperties) = preSolution
		HideSolutionNode = FALSE
	EndGlobalSection
	GlobalSection(ExtensibilityGlobals) = postSolution
		SolutionGuid = {E67967D4-42FD-4AC5-9E23-239E05EED76B}
	EndGlobalSection
EndGlobal
